
Microsoft Visual Studio Solution File, Format Version 12.00
# Visual Studio Version 17
VisualStudioVersion = 17.10.35027.167
MinimumVisualStudioVersion = 10.0.40219.1
Project("{FAE04EC0-301F-11D3-BF4B-00C04F79EFBC}") = "ClientApp", "ClientApp\ClientApp.csproj", "{4911C3AC-244D-40FB-91B3-D29E2F4AC03A}"
EndProject
Project("{FAE04EC0-301F-11D3-BF4B-00C04F79EFBC}") = "CasinoSups", "CasinoSups\CasinoSups.csproj", "{9640B753-370D-409C-893B-01C9890C3D1D}"
EndProject
Global
	GlobalSection(SolutionConfigurationPlatforms) = preSolution
		Debug|Any CPU = Debug|Any CPU
		Release|Any CPU = Release|Any CPU
	EndGlobalSection
	GlobalSection(ProjectConfigurationPlatforms) = postSolution
		{4911C3AC-244D-40FB-91B3-D29E2F4AC03A}.Debug|Any CPU.ActiveCfg = Debug|Any CPU
		{4911C3AC-244D-40FB-91B3-D29E2F4AC03A}.Debug|Any CPU.Build.0 = Debug|Any CPU
		{4911C3AC-244D-40FB-91B3-D29E2F4AC03A}.Release|Any CPU.ActiveCfg = Release|Any CPU
		{4911C3AC-244D-40FB-91B3-D29E2F4AC03A}.Release|Any CPU.Build.0 = Release|Any CPU
		{9640B753-370D-409C-893B-01C9890C3D1D}.Debug|Any CPU.ActiveCfg = Debug|Any CPU
		{9640B753-370D-409C-893B-01C9890C3D1D}.Debug|Any CPU.Build.0 = Debug|Any CPU
		{9640B753-370D-409C-893B-01C9890C3D1D}.Release|Any CPU.ActiveCfg = Release|Any CPU
		{9640B753-370D-409C-893B-01C9890C3D1D}.Release|Any CPU.Build.0 = Release|Any CPU
	EndGlobalSection
	GlobalSection(SolutionProperties) = preSolution
		HideSolutionNode = FALSE
	EndGlobalSection
	GlobalSection(ExtensibilityGlobals) = postSolution
		SolutionGuid = {44E9B841-488F-4DC2-B50C-A6B00E60D29E}
	EndGlobalSection
EndGlobal
